
Microsoft Visual Studio Solution File, Format Version 12.00
# Visual Studio Version 16
VisualStudioVersion = 16.0.31229.75
MinimumVisualStudioVersion = 10.0.40219.1
Project("{9A19103F-16F7-4668-BE54-9A1E7A4F7556}") = "GeorgesMovies.Models", "GeorgesMovies.Models\GeorgesMovies.Models.csproj", "{68B3D3F7-B67B-4072-B394-532B32B8AA9F}"
EndProject
Project("{9A19103F-16F7-4668-BE54-9A1E7A4F7556}") = "GeorgesMovies.Web", "GeorgesMovies.Web\GeorgesMovies.Web.csproj", "{5ECCF1AD-ACAB-4CB8-AD0B-2803E42C4813}"
EndProject
Project("{9A19103F-16F7-4668-BE54-9A1E7A4F7556}") = "GeorgesMovies.Services", "GeorgesMovies.Services\GeorgesMovies.Services.csproj", "{DC0662A3-A23E-4B73-8A3E-D8ADDEEE3285}"
EndProject
Project("{FAE04EC0-301F-11D3-BF4B-00C04F79EFBC}") = "GeorgesMovies.Tests", "GeorgesMovies.Tests\GeorgesMovies.Tests.csproj", "{A02E5B93-5FEF-40EA-A9EA-F3BA23346495}"
EndProject
Global
	GlobalSection(SolutionConfigurationPlatforms) = preSolution
		Debug|Any CPU = Debug|Any CPU
		Release|Any CPU = Release|Any CPU
	EndGlobalSection
	GlobalSection(ProjectConfigurationPlatforms) = postSolution
		{68B3D3F7-B67B-4072-B394-532B32B8AA9F}.Debug|Any CPU.ActiveCfg = Debug|Any CPU
		{68B3D3F7-B67B-4072-B394-532B32B8AA9F}.Debug|Any CPU.Build.0 = Debug|Any CPU
		{68B3D3F7-B67B-4072-B394-532B32B8AA9F}.Release|Any CPU.ActiveCfg = Release|Any CPU
		{68B3D3F7-B67B-4072-B394-532B32B8AA9F}.Release|Any CPU.Build.0 = Release|Any CPU
		{5ECCF1AD-ACAB-4CB8-AD0B-2803E42C4813}.Debug|Any CPU.ActiveCfg = Debug|Any CPU
		{5ECCF1AD-ACAB-4CB8-AD0B-2803E42C4813}.Debug|Any CPU.Build.0 = Debug|Any CPU
		{5ECCF1AD-ACAB-4CB8-AD0B-2803E42C4813}.Release|Any CPU.ActiveCfg = Release|Any CPU
		{5ECCF1AD-ACAB-4CB8-AD0B-2803E42C4813}.Release|Any CPU.Build.0 = Release|Any CPU
		{DC0662A3-A23E-4B73-8A3E-D8ADDEEE3285}.Debug|Any CPU.ActiveCfg = Debug|Any CPU
		{DC0662A3-A23E-4B73-8A3E-D8ADDEEE3285}.Debug|Any CPU.Build.0 = Debug|Any CPU
		{DC0662A3-A23E-4B73-8A3E-D8ADDEEE3285}.Release|Any CPU.ActiveCfg = Release|Any CPU
		{DC0662A3-A23E-4B73-8A3E-D8ADDEEE3285}.Release|Any CPU.Build.0 = Release|Any CPU
		{A02E5B93-5FEF-40EA-A9EA-F3BA23346495}.Debug|Any CPU.ActiveCfg = Debug|Any CPU
		{A02E5B93-5FEF-40EA-A9EA-F3BA23346495}.Debug|Any CPU.Build.0 = Debug|Any CPU
		{A02E5B93-5FEF-40EA-A9EA-F3BA23346495}.Release|Any CPU.ActiveCfg = Release|Any CPU
		{A02E5B93-5FEF-40EA-A9EA-F3BA23346495}.Release|Any CPU.Build.0 = Release|Any CPU
	EndGlobalSection
	GlobalSection(SolutionProperties) = preSolution
		HideSolutionNode = FALSE
	EndGlobalSection
	GlobalSection(ExtensibilityGlobals) = postSolution
		SolutionGuid = {24DF700F-DE67-4BB7-A4CB-345E3E9FAA48}
	EndGlobalSection
EndGlobal
